
Microsoft Visual Studio Solution File, Format Version 12.00
# Visual Studio Version 16
VisualStudioVersion = 16.0.30503.244
MinimumVisualStudioVersion = 10.0.40219.1
Project("{FAE04EC0-301F-11D3-BF4B-00C04F79EFBC}") = "WebDriverTest1", "WebDriverTest1\WebDriverTest1.csproj", "{AE006AE2-2F4A-4651-A9D3-38764C31E4A5}"
EndProject
Project("{FAE04EC0-301F-11D3-BF4B-00C04F79EFBC}") = "TestCefSharp", "TestCefSharp\TestCefSharp.csproj", "{F2ACFA32-1D79-4B12-B005-785D432A8DFE}"
EndProject
Global
	GlobalSection(SolutionConfigurationPlatforms) = preSolution
		Debug|Any CPU = Debug|Any CPU
		Debug|x64 = Debug|x64
		Release|Any CPU = Release|Any CPU
		Release|x64 = Release|x64
	EndGlobalSection
	GlobalSection(ProjectConfigurationPlatforms) = postSolution
		{AE006AE2-2F4A-4651-A9D3-38764C31E4A5}.Debug|Any CPU.ActiveCfg = Debug|Any CPU
		{AE006AE2-2F4A-4651-A9D3-38764C31E4A5}.Debug|Any CPU.Build.0 = Debug|Any CPU
		{AE006AE2-2F4A-4651-A9D3-38764C31E4A5}.Debug|x64.ActiveCfg = Debug|x64
		{AE006AE2-2F4A-4651-A9D3-38764C31E4A5}.Debug|x64.Build.0 = Debug|x64
		{AE006AE2-2F4A-4651-A9D3-38764C31E4A5}.Release|Any CPU.ActiveCfg = Release|Any CPU
		{AE006AE2-2F4A-4651-A9D3-38764C31E4A5}.Release|Any CPU.Build.0 = Release|Any CPU
		{AE006AE2-2F4A-4651-A9D3-38764C31E4A5}.Release|x64.ActiveCfg = Release|x64
		{AE006AE2-2F4A-4651-A9D3-38764C31E4A5}.Release|x64.Build.0 = Release|x64
		{F2ACFA32-1D79-4B12-B005-785D432A8DFE}.Debug|Any CPU.ActiveCfg = Debug|Any CPU
		{F2ACFA32-1D79-4B12-B005-785D432A8DFE}.Debug|Any CPU.Build.0 = Debug|Any CPU
		{F2ACFA32-1D79-4B12-B005-785D432A8DFE}.Debug|x64.ActiveCfg = Debug|x64
		{F2ACFA32-1D79-4B12-B005-785D432A8DFE}.Debug|x64.Build.0 = Debug|x64
		{F2ACFA32-1D79-4B12-B005-785D432A8DFE}.Release|Any CPU.ActiveCfg = Release|Any CPU
		{F2ACFA32-1D79-4B12-B005-785D432A8DFE}.Release|Any CPU.Build.0 = Release|Any CPU
		{F2ACFA32-1D79-4B12-B005-785D432A8DFE}.Release|x64.ActiveCfg = Release|x64
		{F2ACFA32-1D79-4B12-B005-785D432A8DFE}.Release|x64.Build.0 = Release|x64
	EndGlobalSection
	GlobalSection(SolutionProperties) = preSolution
		HideSolutionNode = FALSE
	EndGlobalSection
	GlobalSection(ExtensibilityGlobals) = postSolution
		SolutionGuid = {61519377-95FA-4089-AAC6-1035A6780704}
	EndGlobalSection
EndGlobal
